
Microsoft Visual Studio Solution File, Format Version 12.00
# Visual Studio 14
VisualStudioVersion = 14.0.24720.0
MinimumVisualStudioVersion = 10.0.40219.1
Project("{FAE04EC0-301F-11D3-BF4B-00C04F79EFBC}") = "News.Models", "News.Models\News.Models.csproj", "{4663627C-D98C-4514-AA4A-8AE59A383EE3}"
EndProject
Project("{FAE04EC0-301F-11D3-BF4B-00C04F79EFBC}") = "News.Data", "News.Data\News.Data.csproj", "{C1C4BA8F-33C1-48CF-B58F-9740321B4A93}"
EndProject
Project("{FAE04EC0-301F-11D3-BF4B-00C04F79EFBC}") = "News.Services", "News.Services\News.Services.csproj", "{2A3A805C-B3AE-4AD9-84A4-793DC96F8DE3}"
EndProject
Project("{FAE04EC0-301F-11D3-BF4B-00C04F79EFBC}") = "News.Tests", "News.Tests\News.Tests.csproj", "{9A1ED92A-77A9-4B20-A1A2-0C9D23D3965D}"
EndProject
Global
	GlobalSection(SolutionConfigurationPlatforms) = preSolution
		Debug|Any CPU = Debug|Any CPU
		Release|Any CPU = Release|Any CPU
	EndGlobalSection
	GlobalSection(ProjectConfigurationPlatforms) = postSolution
		{4663627C-D98C-4514-AA4A-8AE59A383EE3}.Debug|Any CPU.ActiveCfg = Debug|Any CPU
		{4663627C-D98C-4514-AA4A-8AE59A383EE3}.Debug|Any CPU.Build.0 = Debug|Any CPU
		{4663627C-D98C-4514-AA4A-8AE59A383EE3}.Release|Any CPU.ActiveCfg = Release|Any CPU
		{4663627C-D98C-4514-AA4A-8AE59A383EE3}.Release|Any CPU.Build.0 = Release|Any CPU
		{C1C4BA8F-33C1-48CF-B58F-9740321B4A93}.Debug|Any CPU.ActiveCfg = Debug|Any CPU
		{C1C4BA8F-33C1-48CF-B58F-9740321B4A93}.Debug|Any CPU.Build.0 = Debug|Any CPU
		{C1C4BA8F-33C1-48CF-B58F-9740321B4A93}.Release|Any CPU.ActiveCfg = Release|Any CPU
		{C1C4BA8F-33C1-48CF-B58F-9740321B4A93}.Release|Any CPU.Build.0 = Release|Any CPU
		{2A3A805C-B3AE-4AD9-84A4-793DC96F8DE3}.Debug|Any CPU.ActiveCfg = Debug|Any CPU
		{2A3A805C-B3AE-4AD9-84A4-793DC96F8DE3}.Debug|Any CPU.Build.0 = Debug|Any CPU
		{2A3A805C-B3AE-4AD9-84A4-793DC96F8DE3}.Release|Any CPU.ActiveCfg = Release|Any CPU
		{2A3A805C-B3AE-4AD9-84A4-793DC96F8DE3}.Release|Any CPU.Build.0 = Release|Any CPU
		{9A1ED92A-77A9-4B20-A1A2-0C9D23D3965D}.Debug|Any CPU.ActiveCfg = Debug|Any CPU
		{9A1ED92A-77A9-4B20-A1A2-0C9D23D3965D}.Debug|Any CPU.Build.0 = Debug|Any CPU
		{9A1ED92A-77A9-4B20-A1A2-0C9D23D3965D}.Release|Any CPU.ActiveCfg = Release|Any CPU
		{9A1ED92A-77A9-4B20-A1A2-0C9D23D3965D}.Release|Any CPU.Build.0 = Release|Any CPU
	EndGlobalSection
	GlobalSection(SolutionProperties) = preSolution
		HideSolutionNode = FALSE
	EndGlobalSection
EndGlobal
