
Microsoft Visual Studio Solution File, Format Version 12.00
# Visual Studio 14
VisualStudioVersion = 14.0.24720.0
MinimumVisualStudioVersion = 10.0.40219.1
Project("{FAE04EC0-301F-11D3-BF4B-00C04F79EFBC}") = "OnlineShop.Models", "OnlineShop.Models\OnlineShop.Models.csproj", "{BF075BFC-4A22-4DF8-9A8B-97E3C0F9FC5A}"
EndProject
Project("{FAE04EC0-301F-11D3-BF4B-00C04F79EFBC}") = "OnlineShop.Data", "OnlineShop.Data\OnlineShop.Data.csproj", "{7CBF4F90-F6F5-4E8B-8E30-F90D978D06A6}"
EndProject
Project("{FAE04EC0-301F-11D3-BF4B-00C04F79EFBC}") = "OnlineShop.Services", "OnlineShop.Services\OnlineShop.Services.csproj", "{E0B1D2A9-6409-4B60-9B2B-2E7B90B2D0F0}"
EndProject
Global
	GlobalSection(SolutionConfigurationPlatforms) = preSolution
		Debug|Any CPU = Debug|Any CPU
		Release|Any CPU = Release|Any CPU
	EndGlobalSection
	GlobalSection(ProjectConfigurationPlatforms) = postSolution
		{BF075BFC-4A22-4DF8-9A8B-97E3C0F9FC5A}.Debug|Any CPU.ActiveCfg = Debug|Any CPU
		{BF075BFC-4A22-4DF8-9A8B-97E3C0F9FC5A}.Debug|Any CPU.Build.0 = Debug|Any CPU
		{BF075BFC-4A22-4DF8-9A8B-97E3C0F9FC5A}.Release|Any CPU.ActiveCfg = Release|Any CPU
		{BF075BFC-4A22-4DF8-9A8B-97E3C0F9FC5A}.Release|Any CPU.Build.0 = Release|Any CPU
		{7CBF4F90-F6F5-4E8B-8E30-F90D978D06A6}.Debug|Any CPU.ActiveCfg = Debug|Any CPU
		{7CBF4F90-F6F5-4E8B-8E30-F90D978D06A6}.Debug|Any CPU.Build.0 = Debug|Any CPU
		{7CBF4F90-F6F5-4E8B-8E30-F90D978D06A6}.Release|Any CPU.ActiveCfg = Release|Any CPU
		{7CBF4F90-F6F5-4E8B-8E30-F90D978D06A6}.Release|Any CPU.Build.0 = Release|Any CPU
		{E0B1D2A9-6409-4B60-9B2B-2E7B90B2D0F0}.Debug|Any CPU.ActiveCfg = Debug|Any CPU
		{E0B1D2A9-6409-4B60-9B2B-2E7B90B2D0F0}.Debug|Any CPU.Build.0 = Debug|Any CPU
		{E0B1D2A9-6409-4B60-9B2B-2E7B90B2D0F0}.Release|Any CPU.ActiveCfg = Release|Any CPU
		{E0B1D2A9-6409-4B60-9B2B-2E7B90B2D0F0}.Release|Any CPU.Build.0 = Release|Any CPU
	EndGlobalSection
	GlobalSection(SolutionProperties) = preSolution
		HideSolutionNode = FALSE
	EndGlobalSection
EndGlobal
